{
  "requires": true,
  "lockfileVersion": 1,
  "dependencies": {
    "tinymce": {
      "version": "5.10.2",
      "resolved": "https://registry.npmjs.org/tinymce/-/tinymce-5.10.2.tgz",
      "integrity": "sha512-5QhnZ6c8F28fYucLLc00MM37fZoAZ4g7QCYzwIl38i5TwJR5xGqzOv6YMideyLM4tytCzLCRwJoQen2LI66p5A=="
    }
  }
}
